
Microsoft Visual Studio Solution File, Format Version 12.00
# Visual Studio Version 17
VisualStudioVersion = 17.2.32526.322
MinimumVisualStudioVersion = 10.0.40219.1
Project("{2150E333-8FDC-42A3-9474-1A3956D46DE8}") = "BasicConsoleExample", "BasicConsoleExample", "{02395E10-8CDA-4EA1-A028-3022317FF11B}"
EndProject
Project("{9A19103F-16F7-4668-BE54-9A1E7A4F7556}") = "Publisher", "BasicUsageRabbitMQ\Publisher.csproj", "{6ACB7B81-EA2A-4542-8D54-DAA2321A12E5}"
EndProject
Project("{9A19103F-16F7-4668-BE54-9A1E7A4F7556}") = "Consumer", "Consumer\Consumer.csproj", "{75ABA83D-5BFB-451D-843D-EF68C3008D46}"
EndProject
Project("{2150E333-8FDC-42A3-9474-1A3956D46DE8}") = "ConsumerApp", "ConsumerApp", "{B504E4DD-9C93-4F55-9FF2-A193369D5092}"
EndProject
Project("{2150E333-8FDC-42A3-9474-1A3956D46DE8}") = "PublisherApp", "PublisherApp", "{98C6361E-53B4-4BE4-BE7A-4AE6FF182FC4}"
EndProject
Project("{2150E333-8FDC-42A3-9474-1A3956D46DE8}") = "Watermark", "Watermark", "{07627E2B-2B51-46D9-8107-58CE3B973ABE}"
EndProject
Project("{FAE04EC0-301F-11D3-BF4B-00C04F79EFBC}") = "WatermarkMQ", "WatermarkMQ\WatermarkMQ.csproj", "{3504BDBF-79CE-4F49-A191-A4E6BA487B9F}"
EndProject
Global
	GlobalSection(SolutionConfigurationPlatforms) = preSolution
		Debug|Any CPU = Debug|Any CPU
		Release|Any CPU = Release|Any CPU
	EndGlobalSection
	GlobalSection(ProjectConfigurationPlatforms) = postSolution
		{6ACB7B81-EA2A-4542-8D54-DAA2321A12E5}.Debug|Any CPU.ActiveCfg = Debug|Any CPU
		{6ACB7B81-EA2A-4542-8D54-DAA2321A12E5}.Debug|Any CPU.Build.0 = Debug|Any CPU
		{6ACB7B81-EA2A-4542-8D54-DAA2321A12E5}.Release|Any CPU.ActiveCfg = Release|Any CPU
		{6ACB7B81-EA2A-4542-8D54-DAA2321A12E5}.Release|Any CPU.Build.0 = Release|Any CPU
		{75ABA83D-5BFB-451D-843D-EF68C3008D46}.Debug|Any CPU.ActiveCfg = Debug|Any CPU
		{75ABA83D-5BFB-451D-843D-EF68C3008D46}.Debug|Any CPU.Build.0 = Debug|Any CPU
		{75ABA83D-5BFB-451D-843D-EF68C3008D46}.Release|Any CPU.ActiveCfg = Release|Any CPU
		{75ABA83D-5BFB-451D-843D-EF68C3008D46}.Release|Any CPU.Build.0 = Release|Any CPU
		{3504BDBF-79CE-4F49-A191-A4E6BA487B9F}.Debug|Any CPU.ActiveCfg = Debug|Any CPU
		{3504BDBF-79CE-4F49-A191-A4E6BA487B9F}.Debug|Any CPU.Build.0 = Debug|Any CPU
		{3504BDBF-79CE-4F49-A191-A4E6BA487B9F}.Release|Any CPU.ActiveCfg = Release|Any CPU
		{3504BDBF-79CE-4F49-A191-A4E6BA487B9F}.Release|Any CPU.Build.0 = Release|Any CPU
	EndGlobalSection
	GlobalSection(SolutionProperties) = preSolution
		HideSolutionNode = FALSE
	EndGlobalSection
	GlobalSection(NestedProjects) = preSolution
		{6ACB7B81-EA2A-4542-8D54-DAA2321A12E5} = {98C6361E-53B4-4BE4-BE7A-4AE6FF182FC4}
		{75ABA83D-5BFB-451D-843D-EF68C3008D46} = {B504E4DD-9C93-4F55-9FF2-A193369D5092}
		{B504E4DD-9C93-4F55-9FF2-A193369D5092} = {02395E10-8CDA-4EA1-A028-3022317FF11B}
		{98C6361E-53B4-4BE4-BE7A-4AE6FF182FC4} = {02395E10-8CDA-4EA1-A028-3022317FF11B}
		{3504BDBF-79CE-4F49-A191-A4E6BA487B9F} = {07627E2B-2B51-46D9-8107-58CE3B973ABE}
	EndGlobalSection
	GlobalSection(ExtensibilityGlobals) = postSolution
		SolutionGuid = {B0A04EFD-644E-4113-A892-A4E08E802974}
	EndGlobalSection
EndGlobal
